
Microsoft Visual Studio Solution File, Format Version 12.00
# Visual Studio Version 16
VisualStudioVersion = 16.0.30225.117
MinimumVisualStudioVersion = 10.0.40219.1
Project("{FAE04EC0-301F-11D3-BF4B-00C04F79EFBC}") = "Task_3_1_2_Text_Analysis", "Task_3_1_2_Text_Analysis\Task_3_1_2_Text_Analysis.csproj", "{4CB18862-AB6A-41CF-A167-1618162935EA}"
EndProject
Global
	GlobalSection(SolutionConfigurationPlatforms) = preSolution
		Debug|Any CPU = Debug|Any CPU
		Release|Any CPU = Release|Any CPU
	EndGlobalSection
	GlobalSection(ProjectConfigurationPlatforms) = postSolution
		{4CB18862-AB6A-41CF-A167-1618162935EA}.Debug|Any CPU.ActiveCfg = Debug|Any CPU
		{4CB18862-AB6A-41CF-A167-1618162935EA}.Debug|Any CPU.Build.0 = Debug|Any CPU
		{4CB18862-AB6A-41CF-A167-1618162935EA}.Release|Any CPU.ActiveCfg = Release|Any CPU
		{4CB18862-AB6A-41CF-A167-1618162935EA}.Release|Any CPU.Build.0 = Release|Any CPU
	EndGlobalSection
	GlobalSection(SolutionProperties) = preSolution
		HideSolutionNode = FALSE
	EndGlobalSection
	GlobalSection(ExtensibilityGlobals) = postSolution
		SolutionGuid = {C44E113C-99C8-4C21-8844-9D00D2DC1457}
	EndGlobalSection
EndGlobal
