
Microsoft Visual Studio Solution File, Format Version 12.00
# Visual Studio 15
VisualStudioVersion = 15.0.28307.1000
MinimumVisualStudioVersion = 10.0.40219.1
Project("{9A19103F-16F7-4668-BE54-9A1E7A4F7556}") = "BLL.Interfaces", "BLL.Interfaces\BLL.Interfaces.csproj", "{26CD6BF5-981C-464E-A78B-436446EADC29}"
EndProject
Project("{9A19103F-16F7-4668-BE54-9A1E7A4F7556}") = "Common.Entities", "Common.Entities\Common.Entities.csproj", "{986EE5B9-73B8-40A5-A55F-627EC327F843}"
EndProject
Project("{9A19103F-16F7-4668-BE54-9A1E7A4F7556}") = "Common", "Common\Common.csproj", "{3326E294-99A3-4ECD-BF7B-FD9740DD5013}"
EndProject
Project("{9A19103F-16F7-4668-BE54-9A1E7A4F7556}") = "DAL.Interfaces", "DAL.Interfaces\DAL.Interfaces.csproj", "{BC3A309A-C111-4D54-9521-18F9FD59FE2E}"
EndProject
Project("{9A19103F-16F7-4668-BE54-9A1E7A4F7556}") = "BLL", "BLL\BLL.csproj", "{6B242B30-8EA2-4365-A83F-134416AEF6E1}"
EndProject
Project("{9A19103F-16F7-4668-BE54-9A1E7A4F7556}") = "DAL.Json", "DAL.JSON\DAL.Json.csproj", "{21145A49-0C82-49C8-8D7E-E5CB21F106C4}"
EndProject
Project("{E24C65DC-7377-472B-9ABA-BC803B73C61A}") = "PL.WEB", "PL.WEB\", "{E1C8D074-2094-4F81-A74B-61047B8E9D61}"
	ProjectSection(WebsiteProperties) = preProject
		TargetFrameworkMoniker = ".NETFramework,Version%3Dv4.6.1"
		ProjectReferences = "{3326e294-99a3-4ecd-bf7b-fd9740dd5013}|Common.dll;{26cd6bf5-981c-464e-a78b-436446eadc29}|BLL.Interfaces.dll;{986ee5b9-73b8-40a5-a55f-627ec327f843}|Common.Entities.dll;{6b242b30-8ea2-4365-a83f-134416aef6e1}|BLL.dll;"
		Debug.AspNetCompiler.VirtualPath = "/localhost_49966"
		Debug.AspNetCompiler.PhysicalPath = "PL.WEB\"
		Debug.AspNetCompiler.TargetPath = "PrecompiledWeb\localhost_49966\"
		Debug.AspNetCompiler.Updateable = "true"
		Debug.AspNetCompiler.ForceOverwrite = "true"
		Debug.AspNetCompiler.FixedNames = "false"
		Debug.AspNetCompiler.Debug = "True"
		Release.AspNetCompiler.VirtualPath = "/localhost_49966"
		Release.AspNetCompiler.PhysicalPath = "PL.WEB\"
		Release.AspNetCompiler.TargetPath = "PrecompiledWeb\localhost_49966\"
		Release.AspNetCompiler.Updateable = "true"
		Release.AspNetCompiler.ForceOverwrite = "true"
		Release.AspNetCompiler.FixedNames = "false"
		Release.AspNetCompiler.Debug = "False"
		VWDPort = "49966"
		SlnRelativePath = "PL.WEB\"
		DefaultWebSiteLanguage = "Visual C#"
	EndProjectSection
EndProject
Project("{9A19103F-16F7-4668-BE54-9A1E7A4F7556}") = "DAL.DataBase", "DAL.DataBase\DAL.DataBase.csproj", "{2920F55C-43E3-4539-8FAF-DB8484EEA41F}"
EndProject
Project("{2150E333-8FDC-42A3-9474-1A3956D46DE8}") = "DataBase", "DataBase", "{36941F8E-5405-46CA-BF0A-454344BF60BB}"
	ProjectSection(SolutionItems) = preProject
		DataBaseScript.sql = DataBaseScript.sql
	EndProjectSection
EndProject
Project("{FAE04EC0-301F-11D3-BF4B-00C04F79EFBC}") = "ConsoleApp", "ConsoleApp\ConsoleApp.csproj", "{D0146452-2F74-4D6D-B230-64FC4C24961B}"
EndProject
Global
	GlobalSection(SolutionConfigurationPlatforms) = preSolution
		Debug|Any CPU = Debug|Any CPU
		Release|Any CPU = Release|Any CPU
	EndGlobalSection
	GlobalSection(ProjectConfigurationPlatforms) = postSolution
		{26CD6BF5-981C-464E-A78B-436446EADC29}.Debug|Any CPU.ActiveCfg = Debug|Any CPU
		{26CD6BF5-981C-464E-A78B-436446EADC29}.Debug|Any CPU.Build.0 = Debug|Any CPU
		{26CD6BF5-981C-464E-A78B-436446EADC29}.Release|Any CPU.ActiveCfg = Release|Any CPU
		{26CD6BF5-981C-464E-A78B-436446EADC29}.Release|Any CPU.Build.0 = Release|Any CPU
		{986EE5B9-73B8-40A5-A55F-627EC327F843}.Debug|Any CPU.ActiveCfg = Debug|Any CPU
		{986EE5B9-73B8-40A5-A55F-627EC327F843}.Debug|Any CPU.Build.0 = Debug|Any CPU
		{986EE5B9-73B8-40A5-A55F-627EC327F843}.Release|Any CPU.ActiveCfg = Release|Any CPU
		{986EE5B9-73B8-40A5-A55F-627EC327F843}.Release|Any CPU.Build.0 = Release|Any CPU
		{3326E294-99A3-4ECD-BF7B-FD9740DD5013}.Debug|Any CPU.ActiveCfg = Debug|Any CPU
		{3326E294-99A3-4ECD-BF7B-FD9740DD5013}.Debug|Any CPU.Build.0 = Debug|Any CPU
		{3326E294-99A3-4ECD-BF7B-FD9740DD5013}.Release|Any CPU.ActiveCfg = Release|Any CPU
		{3326E294-99A3-4ECD-BF7B-FD9740DD5013}.Release|Any CPU.Build.0 = Release|Any CPU
		{BC3A309A-C111-4D54-9521-18F9FD59FE2E}.Debug|Any CPU.ActiveCfg = Debug|Any CPU
		{BC3A309A-C111-4D54-9521-18F9FD59FE2E}.Debug|Any CPU.Build.0 = Debug|Any CPU
		{BC3A309A-C111-4D54-9521-18F9FD59FE2E}.Release|Any CPU.ActiveCfg = Release|Any CPU
		{BC3A309A-C111-4D54-9521-18F9FD59FE2E}.Release|Any CPU.Build.0 = Release|Any CPU
		{6B242B30-8EA2-4365-A83F-134416AEF6E1}.Debug|Any CPU.ActiveCfg = Debug|Any CPU
		{6B242B30-8EA2-4365-A83F-134416AEF6E1}.Debug|Any CPU.Build.0 = Debug|Any CPU
		{6B242B30-8EA2-4365-A83F-134416AEF6E1}.Release|Any CPU.ActiveCfg = Release|Any CPU
		{6B242B30-8EA2-4365-A83F-134416AEF6E1}.Release|Any CPU.Build.0 = Release|Any CPU
		{21145A49-0C82-49C8-8D7E-E5CB21F106C4}.Debug|Any CPU.ActiveCfg = Debug|Any CPU
		{21145A49-0C82-49C8-8D7E-E5CB21F106C4}.Debug|Any CPU.Build.0 = Debug|Any CPU
		{21145A49-0C82-49C8-8D7E-E5CB21F106C4}.Release|Any CPU.ActiveCfg = Release|Any CPU
		{21145A49-0C82-49C8-8D7E-E5CB21F106C4}.Release|Any CPU.Build.0 = Release|Any CPU
		{E1C8D074-2094-4F81-A74B-61047B8E9D61}.Debug|Any CPU.ActiveCfg = Debug|Any CPU
		{E1C8D074-2094-4F81-A74B-61047B8E9D61}.Debug|Any CPU.Build.0 = Debug|Any CPU
		{E1C8D074-2094-4F81-A74B-61047B8E9D61}.Release|Any CPU.ActiveCfg = Debug|Any CPU
		{E1C8D074-2094-4F81-A74B-61047B8E9D61}.Release|Any CPU.Build.0 = Debug|Any CPU
		{2920F55C-43E3-4539-8FAF-DB8484EEA41F}.Debug|Any CPU.ActiveCfg = Debug|Any CPU
		{2920F55C-43E3-4539-8FAF-DB8484EEA41F}.Debug|Any CPU.Build.0 = Debug|Any CPU
		{2920F55C-43E3-4539-8FAF-DB8484EEA41F}.Release|Any CPU.ActiveCfg = Release|Any CPU
		{2920F55C-43E3-4539-8FAF-DB8484EEA41F}.Release|Any CPU.Build.0 = Release|Any CPU
		{D0146452-2F74-4D6D-B230-64FC4C24961B}.Debug|Any CPU.ActiveCfg = Debug|Any CPU
		{D0146452-2F74-4D6D-B230-64FC4C24961B}.Debug|Any CPU.Build.0 = Debug|Any CPU
		{D0146452-2F74-4D6D-B230-64FC4C24961B}.Release|Any CPU.ActiveCfg = Release|Any CPU
		{D0146452-2F74-4D6D-B230-64FC4C24961B}.Release|Any CPU.Build.0 = Release|Any CPU
	EndGlobalSection
	GlobalSection(SolutionProperties) = preSolution
		HideSolutionNode = FALSE
	EndGlobalSection
	GlobalSection(ExtensibilityGlobals) = postSolution
		SolutionGuid = {CF55233D-BD41-4146-970C-4C9BD724960D}
	EndGlobalSection
EndGlobal
